
Microsoft Visual Studio Solution File, Format Version 12.00
# Visual Studio Version 17
VisualStudioVersion = 17.7.34221.43
MinimumVisualStudioVersion = 10.0.40219.1
Project("{FAE04EC0-301F-11D3-BF4B-00C04F79EFBC}") = "Codility-StoneWall", "Codility-StoneWall\Codility-StoneWall.csproj", "{46AD6C65-F3AE-40C3-B049-593596025887}"
EndProject
Project("{FAE04EC0-301F-11D3-BF4B-00C04F79EFBC}") = "Codility-StoneWallTests", "Codility-StoneWallTests\Codility-StoneWallTests.csproj", "{40B66E84-F8CC-40AF-93A3-5D09C26BC757}"
EndProject
Global
	GlobalSection(SolutionConfigurationPlatforms) = preSolution
		Debug|Any CPU = Debug|Any CPU
		Release|Any CPU = Release|Any CPU
	EndGlobalSection
	GlobalSection(ProjectConfigurationPlatforms) = postSolution
		{46AD6C65-F3AE-40C3-B049-593596025887}.Debug|Any CPU.ActiveCfg = Debug|Any CPU
		{46AD6C65-F3AE-40C3-B049-593596025887}.Debug|Any CPU.Build.0 = Debug|Any CPU
		{46AD6C65-F3AE-40C3-B049-593596025887}.Release|Any CPU.ActiveCfg = Release|Any CPU
		{46AD6C65-F3AE-40C3-B049-593596025887}.Release|Any CPU.Build.0 = Release|Any CPU
		{40B66E84-F8CC-40AF-93A3-5D09C26BC757}.Debug|Any CPU.ActiveCfg = Debug|Any CPU
		{40B66E84-F8CC-40AF-93A3-5D09C26BC757}.Debug|Any CPU.Build.0 = Debug|Any CPU
		{40B66E84-F8CC-40AF-93A3-5D09C26BC757}.Release|Any CPU.ActiveCfg = Release|Any CPU
		{40B66E84-F8CC-40AF-93A3-5D09C26BC757}.Release|Any CPU.Build.0 = Release|Any CPU
	EndGlobalSection
	GlobalSection(SolutionProperties) = preSolution
		HideSolutionNode = FALSE
	EndGlobalSection
	GlobalSection(ExtensibilityGlobals) = postSolution
		SolutionGuid = {47924AD9-2D01-41D1-BF7B-40045D31873B}
	EndGlobalSection
EndGlobal
